<?xml version="1.0" encoding="UTF-8" standalone="yes" ?>
<CodeBlocks_project_file>
	<FileVersion major="1" minor="6" />
	<Project>
		<Option title="PubSub" />
		<Option pch_mode="2" />
		<Option compiler="null" />
		<Build>
			<Target title="Debug">
				<Option output="bin/Debug/PubSub" prefix_auto="1" extension_auto="1" />
				<Option object_output="obj/Debug/" />
				<Option type="1" />
				<Option compiler="null" />
			</Target>
			<Target title="Release">
				<Option output="bin/Release/PubSub" prefix_auto="1" extension_auto="1" />
				<Option object_output="obj/Release/" />
				<Option type="1" />
				<Option compiler="null" />
			</Target>
		</Build>
		<Unit filename="Consumer_Handler.cpp" />
		<Unit filename="Consumer_Handler.h" />
		<Unit filename="Consumer_Input_Handler.cpp" />
		<Unit filename="Consumer_Input_Handler.h" />
		<Unit filename="Notifier_Handler.cpp" />
		<Unit filename="Notifier_Handler.h" />
		<Unit filename="Notifier_Server.cpp" />
		<Unit filename="Notifier_Server.h" />
		<Unit filename="PubSub.idl" />
		<Unit filename="PubSub.mpc" />
		<Unit filename="PubSub.mwc" />
		<Unit filename="PubSubI.cpp" />
		<Unit filename="PubSubI.h" />
		<Unit filename="README.txt" />
		<Unit filename="Supplier_Input_Handler.cpp" />
		<Unit filename="Supplier_Input_Handler.h" />
		<Unit filename="notifier.cpp" />
		<Unit filename="notifier.h" />
		<Unit filename="supplier.cpp" />
		<Unit filename="supplier.h" />
		<Extensions>
			<code_completion />
			<debugger />
		</Extensions>
	</Project>
</CodeBlocks_project_file>
